
Microsoft Visual Studio Solution File, Format Version 12.00
# Visual Studio Version 16
VisualStudioVersion = 16.0.30002.166
MinimumVisualStudioVersion = 10.0.40219.1
Project("{9A19103F-16F7-4668-BE54-9A1E7A4F7556}") = "Server", "Server\Server.csproj", "{C8B26199-BD34-4546-8FC2-F2ACCC70C25F}"
EndProject
Project("{FAE04EC0-301F-11D3-BF4B-00C04F79EFBC}") = "Client", "Client\Client.csproj", "{FD12C531-E694-4CAB-8205-66C141AE532D}"
EndProject
Global
	GlobalSection(SolutionConfigurationPlatforms) = preSolution
		Debug|Any CPU = Debug|Any CPU
		Release|Any CPU = Release|Any CPU
	EndGlobalSection
	GlobalSection(ProjectConfigurationPlatforms) = postSolution
		{C8B26199-BD34-4546-8FC2-F2ACCC70C25F}.Debug|Any CPU.ActiveCfg = Debug|Any CPU
		{C8B26199-BD34-4546-8FC2-F2ACCC70C25F}.Debug|Any CPU.Build.0 = Debug|Any CPU
		{C8B26199-BD34-4546-8FC2-F2ACCC70C25F}.Release|Any CPU.ActiveCfg = Release|Any CPU
		{C8B26199-BD34-4546-8FC2-F2ACCC70C25F}.Release|Any CPU.Build.0 = Release|Any CPU
		{FD12C531-E694-4CAB-8205-66C141AE532D}.Debug|Any CPU.ActiveCfg = Debug|Any CPU
		{FD12C531-E694-4CAB-8205-66C141AE532D}.Debug|Any CPU.Build.0 = Debug|Any CPU
		{FD12C531-E694-4CAB-8205-66C141AE532D}.Release|Any CPU.ActiveCfg = Release|Any CPU
		{FD12C531-E694-4CAB-8205-66C141AE532D}.Release|Any CPU.Build.0 = Release|Any CPU
	EndGlobalSection
	GlobalSection(SolutionProperties) = preSolution
		HideSolutionNode = FALSE
	EndGlobalSection
	GlobalSection(ExtensibilityGlobals) = postSolution
		SolutionGuid = {2C2C5077-5741-4C97-94A8-CCE300568DC6}
	EndGlobalSection
EndGlobal
