
Microsoft Visual Studio Solution File, Format Version 12.00
# Visual Studio Version 16
VisualStudioVersion = 16.0.30002.166
MinimumVisualStudioVersion = 10.0.40219.1
Project("{9A19103F-16F7-4668-BE54-9A1E7A4F7556}") = "Server", "Server\Server.csproj", "{C8B26199-BD34-4546-8FC2-F2ACCC70C25F}"
EndProject
Project("{9A19103F-16F7-4668-BE54-9A1E7A4F7556}") = "Client", "Client\Client.csproj", "{FD12C531-E694-4CAB-8205-66C141AE532D}"
EndProject
Project("{9A19103F-16F7-4668-BE54-9A1E7A4F7556}") = "CoreWsApp2", "CoreWsApp2\CoreWsApp2.csproj", "{918C794C-6686-4EC9-BDC0-1E8AEDC573D3}"
EndProject
Project("{9A19103F-16F7-4668-BE54-9A1E7A4F7556}") = "CaseManagerCore", "CaseManagerCore\CaseManagerCore.csproj", "{292BD2A0-26AF-4CFB-B473-D5BD5DB7BF22}"
EndProject
Project("{9A19103F-16F7-4668-BE54-9A1E7A4F7556}") = "MysqlCore", "MysqlCore\MysqlCore.csproj", "{17877C17-816F-4DCF-99E6-C8C41D9431B8}"
EndProject
Project("{9A19103F-16F7-4668-BE54-9A1E7A4F7556}") = "ProjectForFileWriteCore", "ProjectForFileWriteCore\ProjectForFileWriteCore.csproj", "{92A6D091-D1A0-4643-9412-0D0CF4270BDE}"
EndProject
Project("{9A19103F-16F7-4668-BE54-9A1E7A4F7556}") = "EccCore", "EccCore\EccCore.csproj", "{DB491DB0-8533-4FD3-9D59-DAEF451F9A4D}"
EndProject
Project("{9A19103F-16F7-4668-BE54-9A1E7A4F7556}") = "Core_Shengyulv", "Core_Shengyulv\Core_Shengyulv.csproj", "{89D8C7BA-4C36-4BFA-B9B5-4558E9596913}"
EndProject
Global
	GlobalSection(SolutionConfigurationPlatforms) = preSolution
		Debug|Any CPU = Debug|Any CPU
		Release|Any CPU = Release|Any CPU
	EndGlobalSection
	GlobalSection(ProjectConfigurationPlatforms) = postSolution
		{C8B26199-BD34-4546-8FC2-F2ACCC70C25F}.Debug|Any CPU.ActiveCfg = Debug|Any CPU
		{C8B26199-BD34-4546-8FC2-F2ACCC70C25F}.Debug|Any CPU.Build.0 = Debug|Any CPU
		{C8B26199-BD34-4546-8FC2-F2ACCC70C25F}.Release|Any CPU.ActiveCfg = Release|Any CPU
		{C8B26199-BD34-4546-8FC2-F2ACCC70C25F}.Release|Any CPU.Build.0 = Release|Any CPU
		{FD12C531-E694-4CAB-8205-66C141AE532D}.Debug|Any CPU.ActiveCfg = Debug|Any CPU
		{FD12C531-E694-4CAB-8205-66C141AE532D}.Debug|Any CPU.Build.0 = Debug|Any CPU
		{FD12C531-E694-4CAB-8205-66C141AE532D}.Release|Any CPU.ActiveCfg = Release|Any CPU
		{FD12C531-E694-4CAB-8205-66C141AE532D}.Release|Any CPU.Build.0 = Release|Any CPU
		{918C794C-6686-4EC9-BDC0-1E8AEDC573D3}.Debug|Any CPU.ActiveCfg = Debug|Any CPU
		{918C794C-6686-4EC9-BDC0-1E8AEDC573D3}.Debug|Any CPU.Build.0 = Debug|Any CPU
		{918C794C-6686-4EC9-BDC0-1E8AEDC573D3}.Release|Any CPU.ActiveCfg = Release|Any CPU
		{918C794C-6686-4EC9-BDC0-1E8AEDC573D3}.Release|Any CPU.Build.0 = Release|Any CPU
		{292BD2A0-26AF-4CFB-B473-D5BD5DB7BF22}.Debug|Any CPU.ActiveCfg = Debug|Any CPU
		{292BD2A0-26AF-4CFB-B473-D5BD5DB7BF22}.Debug|Any CPU.Build.0 = Debug|Any CPU
		{292BD2A0-26AF-4CFB-B473-D5BD5DB7BF22}.Release|Any CPU.ActiveCfg = Release|Any CPU
		{292BD2A0-26AF-4CFB-B473-D5BD5DB7BF22}.Release|Any CPU.Build.0 = Release|Any CPU
		{17877C17-816F-4DCF-99E6-C8C41D9431B8}.Debug|Any CPU.ActiveCfg = Debug|Any CPU
		{17877C17-816F-4DCF-99E6-C8C41D9431B8}.Debug|Any CPU.Build.0 = Debug|Any CPU
		{17877C17-816F-4DCF-99E6-C8C41D9431B8}.Release|Any CPU.ActiveCfg = Release|Any CPU
		{17877C17-816F-4DCF-99E6-C8C41D9431B8}.Release|Any CPU.Build.0 = Release|Any CPU
		{92A6D091-D1A0-4643-9412-0D0CF4270BDE}.Debug|Any CPU.ActiveCfg = Debug|Any CPU
		{92A6D091-D1A0-4643-9412-0D0CF4270BDE}.Debug|Any CPU.Build.0 = Debug|Any CPU
		{92A6D091-D1A0-4643-9412-0D0CF4270BDE}.Release|Any CPU.ActiveCfg = Release|Any CPU
		{92A6D091-D1A0-4643-9412-0D0CF4270BDE}.Release|Any CPU.Build.0 = Release|Any CPU
		{DB491DB0-8533-4FD3-9D59-DAEF451F9A4D}.Debug|Any CPU.ActiveCfg = Debug|Any CPU
		{DB491DB0-8533-4FD3-9D59-DAEF451F9A4D}.Debug|Any CPU.Build.0 = Debug|Any CPU
		{DB491DB0-8533-4FD3-9D59-DAEF451F9A4D}.Release|Any CPU.ActiveCfg = Release|Any CPU
		{DB491DB0-8533-4FD3-9D59-DAEF451F9A4D}.Release|Any CPU.Build.0 = Release|Any CPU
		{89D8C7BA-4C36-4BFA-B9B5-4558E9596913}.Debug|Any CPU.ActiveCfg = Debug|Any CPU
		{89D8C7BA-4C36-4BFA-B9B5-4558E9596913}.Debug|Any CPU.Build.0 = Debug|Any CPU
		{89D8C7BA-4C36-4BFA-B9B5-4558E9596913}.Release|Any CPU.ActiveCfg = Release|Any CPU
		{89D8C7BA-4C36-4BFA-B9B5-4558E9596913}.Release|Any CPU.Build.0 = Release|Any CPU
	EndGlobalSection
	GlobalSection(SolutionProperties) = preSolution
		HideSolutionNode = FALSE
	EndGlobalSection
	GlobalSection(ExtensibilityGlobals) = postSolution
		SolutionGuid = {2C2C5077-5741-4C97-94A8-CCE300568DC6}
	EndGlobalSection
EndGlobal
